<?xml version="1.0" encoding="utf-8"?>
<Project ToolsVersion="4.0" xmlns="http://schemas.microsoft.com/developer/msbuild/2003">
  <ItemGroup>
    <Filter Include="DX12Lib">
      <UniqueIdentifier>{760e8622-3c79-4c3d-bece-25c46183b9e8}</UniqueIdentifier>
    </Filter>
    <Filter Include="DX12Lib\inc">
      <UniqueIdentifier>{17fce592-fa72-47ba-ad22-0f1a358dd5e6}</UniqueIdentifier>
    </Filter>
    <Filter Include="DX12Lib\src">
      <UniqueIdentifier>{615ec744-7827-4885-b567-ec27e22b0967}</UniqueIdentifier>
    </Filter>
    <Filter Include="Demo">
      <UniqueIdentifier>{9a0a6ff1-c88a-4ead-9079-0221c265cf60}</UniqueIdentifier>
    </Filter>
    <Filter Include="Demo\inc">
      <UniqueIdentifier>{e92b123b-b886-4204-9a2d-66061b60e539}</UniqueIdentifier>
    </Filter>
    <Filter Include="Demo\src">
      <UniqueIdentifier>{95202969-9e07-48bb-b13f-cd1f2050a66e}</UniqueIdentifier>
    </Filter>
    <Filter Include="Demo\shaders">
      <UniqueIdentifier>{5cdf6b28-1a67-458a-b361-4ccefedd384b}</UniqueIdentifier>
    </Filter>
    <Filter Include="ImGui">
      <UniqueIdentifier>{00e609a3-3316-4ef5-96a9-466c07476a2f}</UniqueIdentifier>
    </Filter>
    <Filter Include="ImGui\inc">
      <UniqueIdentifier>{5a1008e0-5238-41cb-8f14-c3af93ef89bf}</UniqueIdentifier>
    </Filter>
    <Filter Include="ImGui\src">
      <UniqueIdentifier>{3c59ff71-b9e1-46b7-a1c0-b9d7b3e5699a}</UniqueIdentifier>
    </Filter>
  </ItemGroup>
  <ItemGroup>
    <ClCompile Include="code\DX12Lib\src\Application.cpp">
      <Filter>DX12Lib\src</Filter>
    </ClCompile>
    <ClCompile Include="code\DX12Lib\src\CommandQueue.cpp">
      <Filter>DX12Lib\src</Filter>
    </ClCompile>
    <ClCompile Include="code\DX12Lib\src\DX12LibPCH.cpp">
      <Filter>DX12Lib\src</Filter>
    </ClCompile>
    <ClCompile Include="code\DX12Lib\src\HighResolutionClock.cpp">
      <Filter>DX12Lib\src</Filter>
    </ClCompile>
    <ClCompile Include="code\DX12Lib\src\RenderApp.cpp">
      <Filter>DX12Lib\src</Filter>
    </ClCompile>
    <ClCompile Include="code\DX12Lib\src\Window.cpp">
      <Filter>DX12Lib\src</Filter>
    </ClCompile>
    <ClCompile Include="code\Demo\src\main.cpp">
      <Filter>Demo\src</Filter>
    </ClCompile>
    <ClCompile Include="code\Demo\src\Demo.cpp">
      <Filter>Demo\src</Filter>
    </ClCompile>
    <ClCompile Include="code\DX12Lib\src\UploadBuffer.cpp">
      <Filter>DX12Lib\src</Filter>
    </ClCompile>
    <ClCompile Include="code\DX12Lib\src\DescriptorAllocator.cpp">
      <Filter>DX12Lib\src</Filter>
    </ClCompile>
    <ClCompile Include="code\DX12Lib\src\DescriptorAllocatorPage.cpp">
      <Filter>DX12Lib\src</Filter>
    </ClCompile>
    <ClCompile Include="code\DX12Lib\src\DescriptorAllocation.cpp">
      <Filter>DX12Lib\src</Filter>
    </ClCompile>
    <ClCompile Include="code\DX12Lib\src\RootSignature.cpp">
      <Filter>DX12Lib\src</Filter>
    </ClCompile>
    <ClCompile Include="code\DX12Lib\src\DynamicDescriptorHeap.cpp">
      <Filter>DX12Lib\src</Filter>
    </ClCompile>
    <ClCompile Include="code\DX12Lib\src\ResourceStateTracker.cpp">
      <Filter>DX12Lib\src</Filter>
    </ClCompile>
    <ClCompile Include="code\DX12Lib\src\Buffer.cpp">
      <Filter>DX12Lib\src</Filter>
    </ClCompile>
    <ClCompile Include="code\DX12Lib\src\CommandList.cpp">
      <Filter>DX12Lib\src</Filter>
    </ClCompile>
    <ClCompile Include="code\DX12Lib\src\IndexBuffer.cpp">
      <Filter>DX12Lib\src</Filter>
    </ClCompile>
    <ClCompile Include="code\DX12Lib\src\Resource.cpp">
      <Filter>DX12Lib\src</Filter>
    </ClCompile>
    <ClCompile Include="code\DX12Lib\src\VertexBuffer.cpp">
      <Filter>DX12Lib\src</Filter>
    </ClCompile>
    <ClCompile Include="extern\imgui\src\imgui.cpp">
      <Filter>ImGui\src</Filter>
    </ClCompile>
    <ClCompile Include="extern\imgui\src\imgui_demo.cpp">
      <Filter>ImGui\src</Filter>
    </ClCompile>
    <ClCompile Include="extern\imgui\src\imgui_draw.cpp">
      <Filter>ImGui\src</Filter>
    </ClCompile>
    <ClCompile Include="extern\imgui\src\imgui_impl_dx12.cpp">
      <Filter>ImGui\src</Filter>
    </ClCompile>
    <ClCompile Include="extern\imgui\src\imgui_tables.cpp">
      <Filter>ImGui\src</Filter>
    </ClCompile>
    <ClCompile Include="extern\imgui\src\imgui_widgets.cpp">
      <Filter>ImGui\src</Filter>
    </ClCompile>
    <ClCompile Include="extern\imgui\src\imgui_impl_win32.cpp">
      <Filter>ImGui\src</Filter>
    </ClCompile>
    <ClCompile Include="code\DX12Lib\src\GUISystem.cpp">
      <Filter>DX12Lib\src</Filter>
    </ClCompile>
    <ClCompile Include="code\DX12Lib\src\Mesh.cpp">
      <Filter>DX12Lib\src</Filter>
    </ClCompile>
  </ItemGroup>
  <ItemGroup>
    <ClInclude Include="code\DX12Lib\inc\Application.h">
      <Filter>DX12Lib\inc</Filter>
    </ClInclude>
    <ClInclude Include="code\DX12Lib\inc\CommandQueue.h">
      <Filter>DX12Lib\inc</Filter>
    </ClInclude>
    <ClInclude Include="code\DX12Lib\inc\DX12LibPCH.h">
      <Filter>DX12Lib\inc</Filter>
    </ClInclude>
    <ClInclude Include="code\DX12Lib\inc\Events.h">
      <Filter>DX12Lib\inc</Filter>
    </ClInclude>
    <ClInclude Include="code\DX12Lib\inc\Helpers.h">
      <Filter>DX12Lib\inc</Filter>
    </ClInclude>
    <ClInclude Include="code\DX12Lib\inc\HighResolutionClock.h">
      <Filter>DX12Lib\inc</Filter>
    </ClInclude>
    <ClInclude Include="code\DX12Lib\inc\KeyCodes.h">
      <Filter>DX12Lib\inc</Filter>
    </ClInclude>
    <ClInclude Include="code\DX12Lib\inc\RenderApp.h">
      <Filter>DX12Lib\inc</Filter>
    </ClInclude>
    <ClInclude Include="code\DX12Lib\inc\Window.h">
      <Filter>DX12Lib\inc</Filter>
    </ClInclude>
    <ClInclude Include="code\Demo\inc\Demo.h">
      <Filter>Demo\inc</Filter>
    </ClInclude>
    <ClInclude Include="code\DX12Lib\inc\UploadBuffer.h">
      <Filter>DX12Lib\inc</Filter>
    </ClInclude>
    <ClInclude Include="code\DX12Lib\inc\Defines.h">
      <Filter>DX12Lib\inc</Filter>
    </ClInclude>
    <ClInclude Include="code\DX12Lib\inc\DescriptorAllocator.h">
      <Filter>DX12Lib\inc</Filter>
    </ClInclude>
    <ClInclude Include="code\DX12Lib\inc\DescriptorAllocatorPage.h">
      <Filter>DX12Lib\inc</Filter>
    </ClInclude>
    <ClInclude Include="code\DX12Lib\inc\DescriptorAllocation.h">
      <Filter>DX12Lib\inc</Filter>
    </ClInclude>
    <ClInclude Include="code\DX12Lib\inc\RootSignature.h">
      <Filter>DX12Lib\inc</Filter>
    </ClInclude>
    <ClInclude Include="code\DX12Lib\inc\DynamicDescriptorHeap.h">
      <Filter>DX12Lib\inc</Filter>
    </ClInclude>
    <ClInclude Include="code\DX12Lib\inc\ResourceStateTracker.h">
      <Filter>DX12Lib\inc</Filter>
    </ClInclude>
    <ClInclude Include="code\DX12Lib\inc\Buffer.h">
      <Filter>DX12Lib\inc</Filter>
    </ClInclude>
    <ClInclude Include="code\DX12Lib\inc\CommandList.h">
      <Filter>DX12Lib\inc</Filter>
    </ClInclude>
    <ClInclude Include="code\DX12Lib\inc\IndexBuffer.h">
      <Filter>DX12Lib\inc</Filter>
    </ClInclude>
    <ClInclude Include="code\DX12Lib\inc\Resource.h">
      <Filter>DX12Lib\inc</Filter>
    </ClInclude>
    <ClInclude Include="code\DX12Lib\inc\VertexBuffer.h">
      <Filter>DX12Lib\inc</Filter>
    </ClInclude>
    <ClInclude Include="extern\imgui\inc\imconfig.h">
      <Filter>ImGui\inc</Filter>
    </ClInclude>
    <ClInclude Include="extern\imgui\inc\imgui.h">
      <Filter>ImGui\inc</Filter>
    </ClInclude>
    <ClInclude Include="extern\imgui\inc\imgui_impl_dx12.h">
      <Filter>ImGui\inc</Filter>
    </ClInclude>
    <ClInclude Include="extern\imgui\inc\imgui_internal.h">
      <Filter>ImGui\inc</Filter>
    </ClInclude>
    <ClInclude Include="extern\imgui\inc\imstb_rectpack.h">
      <Filter>ImGui\inc</Filter>
    </ClInclude>
    <ClInclude Include="extern\imgui\inc\imstb_textedit.h">
      <Filter>ImGui\inc</Filter>
    </ClInclude>
    <ClInclude Include="extern\imgui\inc\imstb_truetype.h">
      <Filter>ImGui\inc</Filter>
    </ClInclude>
    <ClInclude Include="extern\imgui\inc\imgui_impl_win32.h">
      <Filter>ImGui\inc</Filter>
    </ClInclude>
    <ClInclude Include="code\DX12Lib\inc\GUISystem.h">
      <Filter>DX12Lib\inc</Filter>
    </ClInclude>
    <ClInclude Include="code\DX12Lib\inc\Mesh.h">
      <Filter>DX12Lib\inc</Filter>
    </ClInclude>
  </ItemGroup>
  <ItemGroup>
    <FxCompile Include="code\Demo\shaders\VertexShader.hlsl">
      <Filter>Demo\shaders</Filter>
    </FxCompile>
    <FxCompile Include="code\Demo\shaders\PixelShader.hlsl">
      <Filter>Demo\shaders</Filter>
    </FxCompile>
  </ItemGroup>
</Project>